
Microsoft Visual Studio Solution File, Format Version 12.00
# Visual Studio Version 17
VisualStudioVersion = 17.11.35208.52
MinimumVisualStudioVersion = 10.0.40219.1
Project("{FAE04EC0-301F-11D3-BF4B-00C04F79EFBC}") = "POS-Test-1", "POS-Test-1\POS-Test-1.csproj", "{4021E4B6-3F6C-4C26-95E2-BE228241869F}"
EndProject
Global
	GlobalSection(SolutionConfigurationPlatforms) = preSolution
		Debug|Any CPU = Debug|Any CPU
		Release|Any CPU = Release|Any CPU
	EndGlobalSection
	GlobalSection(ProjectConfigurationPlatforms) = postSolution
		{4021E4B6-3F6C-4C26-95E2-BE228241869F}.Debug|Any CPU.ActiveCfg = Debug|Any CPU
		{4021E4B6-3F6C-4C26-95E2-BE228241869F}.Debug|Any CPU.Build.0 = Debug|Any CPU
		{4021E4B6-3F6C-4C26-95E2-BE228241869F}.Release|Any CPU.ActiveCfg = Release|Any CPU
		{4021E4B6-3F6C-4C26-95E2-BE228241869F}.Release|Any CPU.Build.0 = Release|Any CPU
	EndGlobalSection
	GlobalSection(SolutionProperties) = preSolution
		HideSolutionNode = FALSE
	EndGlobalSection
	GlobalSection(ExtensibilityGlobals) = postSolution
		SolutionGuid = {34CBE19D-7B1F-47C9-B2E0-8FC9304C19AD}
	EndGlobalSection
EndGlobal
